
Microsoft Visual Studio Solution File, Format Version 12.00
# Visual Studio Version 16
VisualStudioVersion = 16.0.30011.22
MinimumVisualStudioVersion = 10.0.40219.1
Project("{9A19103F-16F7-4668-BE54-9A1E7A4F7556}") = "BlazorFiddlePoC.Server", "Server\BlazorFiddlePoC.Server.csproj", "{A7657094-1810-40EE-8ED8-AA3A13F9A218}"
EndProject
Project("{9A19103F-16F7-4668-BE54-9A1E7A4F7556}") = "BlazorFiddlePoC.Client", "Client\BlazorFiddlePoC.Client.csproj", "{D7EE9314-D4E9-49FB-8F22-C292EB66A46D}"
EndProject
Project("{9A19103F-16F7-4668-BE54-9A1E7A4F7556}") = "BlazorFiddlePoC.Shared", "Shared\BlazorFiddlePoC.Shared.csproj", "{240FE948-0981-4430-A891-9B9841762CCB}"
EndProject
Project("{9A19103F-16F7-4668-BE54-9A1E7A4F7556}") = "UserComponents", "UserComponents\UserComponents.csproj", "{F8A9EB56-042D-48AC-9D13-2EA73E452E76}"
EndProject
Global
	GlobalSection(SolutionConfigurationPlatforms) = preSolution
		Debug|Any CPU = Debug|Any CPU
		Release|Any CPU = Release|Any CPU
	EndGlobalSection
	GlobalSection(ProjectConfigurationPlatforms) = postSolution
		{A7657094-1810-40EE-8ED8-AA3A13F9A218}.Debug|Any CPU.ActiveCfg = Debug|Any CPU
		{A7657094-1810-40EE-8ED8-AA3A13F9A218}.Debug|Any CPU.Build.0 = Debug|Any CPU
		{A7657094-1810-40EE-8ED8-AA3A13F9A218}.Release|Any CPU.ActiveCfg = Release|Any CPU
		{A7657094-1810-40EE-8ED8-AA3A13F9A218}.Release|Any CPU.Build.0 = Release|Any CPU
		{D7EE9314-D4E9-49FB-8F22-C292EB66A46D}.Debug|Any CPU.ActiveCfg = Debug|Any CPU
		{D7EE9314-D4E9-49FB-8F22-C292EB66A46D}.Debug|Any CPU.Build.0 = Debug|Any CPU
		{D7EE9314-D4E9-49FB-8F22-C292EB66A46D}.Release|Any CPU.ActiveCfg = Release|Any CPU
		{D7EE9314-D4E9-49FB-8F22-C292EB66A46D}.Release|Any CPU.Build.0 = Release|Any CPU
		{240FE948-0981-4430-A891-9B9841762CCB}.Debug|Any CPU.ActiveCfg = Debug|Any CPU
		{240FE948-0981-4430-A891-9B9841762CCB}.Debug|Any CPU.Build.0 = Debug|Any CPU
		{240FE948-0981-4430-A891-9B9841762CCB}.Release|Any CPU.ActiveCfg = Release|Any CPU
		{240FE948-0981-4430-A891-9B9841762CCB}.Release|Any CPU.Build.0 = Release|Any CPU
		{F8A9EB56-042D-48AC-9D13-2EA73E452E76}.Debug|Any CPU.ActiveCfg = Debug|Any CPU
		{F8A9EB56-042D-48AC-9D13-2EA73E452E76}.Debug|Any CPU.Build.0 = Debug|Any CPU
		{F8A9EB56-042D-48AC-9D13-2EA73E452E76}.Release|Any CPU.ActiveCfg = Release|Any CPU
		{F8A9EB56-042D-48AC-9D13-2EA73E452E76}.Release|Any CPU.Build.0 = Release|Any CPU
	EndGlobalSection
	GlobalSection(SolutionProperties) = preSolution
		HideSolutionNode = FALSE
	EndGlobalSection
	GlobalSection(ExtensibilityGlobals) = postSolution
		SolutionGuid = {B307CEBE-30FE-4748-AAAB-143DCB0D19CD}
	EndGlobalSection
EndGlobal
