
Microsoft Visual Studio Solution File, Format Version 12.00
# Visual Studio Version 16
VisualStudioVersion = 16.0.30406.217
MinimumVisualStudioVersion = 10.0.40219.1
Project("{9A19103F-16F7-4668-BE54-9A1E7A4F7556}") = "MudBlazor", "MudBlazor\MudBlazor.csproj", "{FE5531F3-55F6-403D-BF48-3C904089B91D}"
EndProject
Project("{9A19103F-16F7-4668-BE54-9A1E7A4F7556}") = "MudBlazor.Docs.Server", "MudBlazor.Docs.Server\MudBlazor.Docs.Server.csproj", "{C6E907FB-1958-44CE-A525-16E50EE8D199}"
EndProject
Project("{9A19103F-16F7-4668-BE54-9A1E7A4F7556}") = "MudBlazor.Docs.Client", "MudBlazor.Docs.Client\MudBlazor.Docs.Client.csproj", "{7EA59258-02F9-4DCF-AA93-37380DCB9904}"
EndProject
Project("{9A19103F-16F7-4668-BE54-9A1E7A4F7556}") = "MudBlazor.Docs", "MudBlazor.Docs\MudBlazor.Docs.csproj", "{D90D463F-544F-47AF-8D19-617BB89D9A5F}"
EndProject
Project("{9A19103F-16F7-4668-BE54-9A1E7A4F7556}") = "MudBlazor.UnitTests", "MudBlazor.UnitTests\MudBlazor.UnitTests.csproj", "{A550FD8B-1E2A-4D33-88A3-38DC0FC5C3BD}"
EndProject
Project("{9A19103F-16F7-4668-BE54-9A1E7A4F7556}") = "MudBlazor.UnitTestComponents", "MudBlazor.UnitTestComponents\MudBlazor.UnitTestComponents.csproj", "{E626F48E-BEFD-440A-9C5C-741371E8DFE1}"
EndProject
Global
	GlobalSection(SolutionConfigurationPlatforms) = preSolution
		Debug|Any CPU = Debug|Any CPU
		Release|Any CPU = Release|Any CPU
	EndGlobalSection
	GlobalSection(ProjectConfigurationPlatforms) = postSolution
		{FE5531F3-55F6-403D-BF48-3C904089B91D}.Debug|Any CPU.ActiveCfg = Debug|Any CPU
		{FE5531F3-55F6-403D-BF48-3C904089B91D}.Debug|Any CPU.Build.0 = Debug|Any CPU
		{FE5531F3-55F6-403D-BF48-3C904089B91D}.Release|Any CPU.ActiveCfg = Release|Any CPU
		{FE5531F3-55F6-403D-BF48-3C904089B91D}.Release|Any CPU.Build.0 = Release|Any CPU
		{C6E907FB-1958-44CE-A525-16E50EE8D199}.Debug|Any CPU.ActiveCfg = Debug|Any CPU
		{C6E907FB-1958-44CE-A525-16E50EE8D199}.Debug|Any CPU.Build.0 = Debug|Any CPU
		{C6E907FB-1958-44CE-A525-16E50EE8D199}.Release|Any CPU.ActiveCfg = Release|Any CPU
		{C6E907FB-1958-44CE-A525-16E50EE8D199}.Release|Any CPU.Build.0 = Release|Any CPU
		{7EA59258-02F9-4DCF-AA93-37380DCB9904}.Debug|Any CPU.ActiveCfg = Debug|Any CPU
		{7EA59258-02F9-4DCF-AA93-37380DCB9904}.Debug|Any CPU.Build.0 = Debug|Any CPU
		{7EA59258-02F9-4DCF-AA93-37380DCB9904}.Release|Any CPU.ActiveCfg = Release|Any CPU
		{7EA59258-02F9-4DCF-AA93-37380DCB9904}.Release|Any CPU.Build.0 = Release|Any CPU
		{D90D463F-544F-47AF-8D19-617BB89D9A5F}.Debug|Any CPU.ActiveCfg = Debug|Any CPU
		{D90D463F-544F-47AF-8D19-617BB89D9A5F}.Debug|Any CPU.Build.0 = Debug|Any CPU
		{D90D463F-544F-47AF-8D19-617BB89D9A5F}.Release|Any CPU.ActiveCfg = Release|Any CPU
		{D90D463F-544F-47AF-8D19-617BB89D9A5F}.Release|Any CPU.Build.0 = Release|Any CPU
		{A550FD8B-1E2A-4D33-88A3-38DC0FC5C3BD}.Debug|Any CPU.ActiveCfg = Debug|Any CPU
		{A550FD8B-1E2A-4D33-88A3-38DC0FC5C3BD}.Debug|Any CPU.Build.0 = Debug|Any CPU
		{A550FD8B-1E2A-4D33-88A3-38DC0FC5C3BD}.Release|Any CPU.ActiveCfg = Release|Any CPU
		{A550FD8B-1E2A-4D33-88A3-38DC0FC5C3BD}.Release|Any CPU.Build.0 = Release|Any CPU
		{E626F48E-BEFD-440A-9C5C-741371E8DFE1}.Debug|Any CPU.ActiveCfg = Debug|Any CPU
		{E626F48E-BEFD-440A-9C5C-741371E8DFE1}.Debug|Any CPU.Build.0 = Debug|Any CPU
		{E626F48E-BEFD-440A-9C5C-741371E8DFE1}.Release|Any CPU.ActiveCfg = Release|Any CPU
		{E626F48E-BEFD-440A-9C5C-741371E8DFE1}.Release|Any CPU.Build.0 = Release|Any CPU
	EndGlobalSection
	GlobalSection(SolutionProperties) = preSolution
		HideSolutionNode = FALSE
	EndGlobalSection
	GlobalSection(ExtensibilityGlobals) = postSolution
		SolutionGuid = {3889F56D-56E4-422A-83E1-F32D49D90BB2}
	EndGlobalSection
EndGlobal
